{
  "name": "ajs-using",
  "version": "1.0.0",
  "lockfileVersion": 1,
  "requires": true,
  "dependencies": {
    "@shayu78/ajs": {
      "version": "1.0.0",
      "resolved": "https://npm.pkg.github.com/download/@shayu78/ajs/1.0.0/94336cbc54b51547f4c2565d2560d5db87d9f82f86d26a47e706db35cadd91d3",
      "integrity": "sha512-RBptaMpxa3b5uann1XLtKuGz+U0qoPlGARF528gmc0LLvXf6DHtn1cajcY56eori1d6qXJzrq0lLNDK1CEJAyQ=="
    }
  }
}
